
Microsoft Visual Studio Solution File, Format Version 12.00
# Visual Studio Version 16
VisualStudioVersion = 25.0.1706.7
MinimumVisualStudioVersion = 10.0.40219.1
Project("{FAE04EC0-301F-11D3-BF4B-00C04F79EFBC}") = "DrMW.EventBus.RabbitMq", "DrMW.EventBus.RabbitMq\DrMW.EventBus.RabbitMq.csproj", "{39172834-AFB6-442F-9B25-639DB429ABC5}"
EndProject
Project("{FAE04EC0-301F-11D3-BF4B-00C04F79EFBC}") = "DrMW.EventBus.Core", "DrMW.EventBus.Core\DrMW.EventBus.Core.csproj", "{BD882B93-2B98-4814-A226-9C8825A5F7E5}"
EndProject
Project("{FAE04EC0-301F-11D3-BF4B-00C04F79EFBC}") = "TestBus", "TestBus\TestBus.csproj", "{18A2C139-BA03-4425-A289-C938ABD2AA60}"
EndProject
Project("{FAE04EC0-301F-11D3-BF4B-00C04F79EFBC}") = "ConsoleAppTest", "ConsoleAppTest\ConsoleAppTest.csproj", "{C063A79B-9294-44EA-A134-76BAD0F30084}"
EndProject
Global
	GlobalSection(SolutionConfigurationPlatforms) = preSolution
		Debug|Any CPU = Debug|Any CPU
		Release|Any CPU = Release|Any CPU
	EndGlobalSection
	GlobalSection(ProjectConfigurationPlatforms) = postSolution
		{39172834-AFB6-442F-9B25-639DB429ABC5}.Debug|Any CPU.ActiveCfg = Debug|Any CPU
		{39172834-AFB6-442F-9B25-639DB429ABC5}.Debug|Any CPU.Build.0 = Debug|Any CPU
		{39172834-AFB6-442F-9B25-639DB429ABC5}.Release|Any CPU.ActiveCfg = Release|Any CPU
		{39172834-AFB6-442F-9B25-639DB429ABC5}.Release|Any CPU.Build.0 = Release|Any CPU
		{BD882B93-2B98-4814-A226-9C8825A5F7E5}.Debug|Any CPU.ActiveCfg = Debug|Any CPU
		{BD882B93-2B98-4814-A226-9C8825A5F7E5}.Debug|Any CPU.Build.0 = Debug|Any CPU
		{BD882B93-2B98-4814-A226-9C8825A5F7E5}.Release|Any CPU.ActiveCfg = Release|Any CPU
		{BD882B93-2B98-4814-A226-9C8825A5F7E5}.Release|Any CPU.Build.0 = Release|Any CPU
		{18A2C139-BA03-4425-A289-C938ABD2AA60}.Debug|Any CPU.ActiveCfg = Debug|Any CPU
		{18A2C139-BA03-4425-A289-C938ABD2AA60}.Debug|Any CPU.Build.0 = Debug|Any CPU
		{18A2C139-BA03-4425-A289-C938ABD2AA60}.Release|Any CPU.ActiveCfg = Release|Any CPU
		{18A2C139-BA03-4425-A289-C938ABD2AA60}.Release|Any CPU.Build.0 = Release|Any CPU
		{C063A79B-9294-44EA-A134-76BAD0F30084}.Debug|Any CPU.ActiveCfg = Debug|Any CPU
		{C063A79B-9294-44EA-A134-76BAD0F30084}.Debug|Any CPU.Build.0 = Debug|Any CPU
		{C063A79B-9294-44EA-A134-76BAD0F30084}.Release|Any CPU.ActiveCfg = Release|Any CPU
		{C063A79B-9294-44EA-A134-76BAD0F30084}.Release|Any CPU.Build.0 = Release|Any CPU
	EndGlobalSection
	GlobalSection(SolutionProperties) = preSolution
		HideSolutionNode = FALSE
	EndGlobalSection
	GlobalSection(ExtensibilityGlobals) = postSolution
		SolutionGuid = {7DA38478-06D6-4C94-9E6E-731CA8A6AC3D}
	EndGlobalSection
EndGlobal
